lockfileVersion: '6.1'

settings:
  autoInstallPeers: true
  excludeLinksFromLockfile: false

dependencies:
  rsslytics:
    specifier: ^1.0.1
    version: 1.0.1

devDependencies:
  '@cloudflare/workers-types':
    specifier: ^4.20240320.1
    version: 4.20240320.1

packages:

  /@cloudflare/workers-types@4.20240320.1:
    resolution: {integrity: sha512-CiYtVpQURPgQqtBKkmOAnfPElVZuD7Xyf1IxKtKp2B4aB9gnooapwJhzeY8c4Ls4u17SgMS0MprOkrgYwzZ6xg==}
    dev: true

  /rsslytics@1.0.1:
    resolution: {integrity: sha512-ssi0+lVIPBnWgsd6eCDYBF3GWZADcJONFK7QVakr4xFbgn2fDkku6e3pLBFPY2tw5ObVCCXJaCmc8CRfnaHThw==}
    dev: false
